
Microsoft Visual Studio Solution File, Format Version 12.00
# Visual Studio Version 17
VisualStudioVersion = 17.2.32210.308
MinimumVisualStudioVersion = 10.0.40219.1
Project("{FAE04EC0-301F-11D3-BF4B-00C04F79EFBC}") = "isds-oauth2-proxy", "isds-oauth2-proxy.csproj", "{BACDCD26-0F49-410D-88A8-434E9E4A9EF3}"
EndProject
Global
	GlobalSection(SolutionConfigurationPlatforms) = preSolution
		Debug|Any CPU = Debug|Any CPU
		Release|Any CPU = Release|Any CPU
	EndGlobalSection
	GlobalSection(ProjectConfigurationPlatforms) = postSolution
		{BACDCD26-0F49-410D-88A8-434E9E4A9EF3}.Debug|Any CPU.ActiveCfg = Debug|Any CPU
		{BACDCD26-0F49-410D-88A8-434E9E4A9EF3}.Debug|Any CPU.Build.0 = Debug|Any CPU
		{BACDCD26-0F49-410D-88A8-434E9E4A9EF3}.Release|Any CPU.ActiveCfg = Release|Any CPU
		{BACDCD26-0F49-410D-88A8-434E9E4A9EF3}.Release|Any CPU.Build.0 = Release|Any CPU
	EndGlobalSection
	GlobalSection(SolutionProperties) = preSolution
		HideSolutionNode = FALSE
	EndGlobalSection
	GlobalSection(ExtensibilityGlobals) = postSolution
		SolutionGuid = {EC12BDE2-D302-41B7-AFFB-145EA55B6717}
	EndGlobalSection
EndGlobal
